
Microsoft Visual Studio Solution File, Format Version 12.00
# Visual Studio Version 17
VisualStudioVersion = 17.3.32901.215
MinimumVisualStudioVersion = 10.0.40219.1
Project("{FAE04EC0-301F-11D3-BF4B-00C04F79EFBC}") = "prueba-sourcecol", "prueba-sourcecol\prueba-sourcecol.csproj", "{BEB8A7D9-8AC6-49FB-8FF7-900BF850E04D}"
EndProject
Global
	GlobalSection(SolutionConfigurationPlatforms) = preSolution
		Debug|Any CPU = Debug|Any CPU
		Release|Any CPU = Release|Any CPU
	EndGlobalSection
	GlobalSection(ProjectConfigurationPlatforms) = postSolution
		{BEB8A7D9-8AC6-49FB-8FF7-900BF850E04D}.Debug|Any CPU.ActiveCfg = Debug|Any CPU
		{BEB8A7D9-8AC6-49FB-8FF7-900BF850E04D}.Debug|Any CPU.Build.0 = Debug|Any CPU
		{BEB8A7D9-8AC6-49FB-8FF7-900BF850E04D}.Release|Any CPU.ActiveCfg = Release|Any CPU
		{BEB8A7D9-8AC6-49FB-8FF7-900BF850E04D}.Release|Any CPU.Build.0 = Release|Any CPU
	EndGlobalSection
	GlobalSection(SolutionProperties) = preSolution
		HideSolutionNode = FALSE
	EndGlobalSection
	GlobalSection(ExtensibilityGlobals) = postSolution
		SolutionGuid = {B76A1575-C63C-4DB2-A6B2-F1C68E384B6A}
	EndGlobalSection
EndGlobal
